
Microsoft Visual Studio Solution File, Format Version 12.00
# Visual Studio 15
VisualStudioVersion = 15.0.26228.4
MinimumVisualStudioVersion = 10.0.40219.1
Project("{2150E333-8FDC-42A3-9474-1A3956D46DE8}") = "Build", "Build", "{A6A85FE4-2FCB-4B5A-90E4-B6ED248ACAD7}"
	ProjectSection(SolutionItems) = preProject
		make.build = make.build
		..\root.build = ..\root.build
	EndProjectSection
EndProject
Project("{2150E333-8FDC-42A3-9474-1A3956D46DE8}") = "nuspec", "nuspec", "{C588C92E-8D1C-4418-9F24-D40BDF709B6B}"
	ProjectSection(SolutionItems) = preProject
		Rebex.Castle\Rebex.Elliptic.Castle.nuspec = Rebex.Castle\Rebex.Elliptic.Castle.nuspec
		Rebex.Curve25519\Rebex.Elliptic.Curve25519.nuspec = Rebex.Curve25519\Rebex.Elliptic.Curve25519.nuspec
		Rebex.Ed25519\Rebex.Elliptic.Ed25519.nuspec = Rebex.Ed25519\Rebex.Elliptic.Ed25519.nuspec
	EndProjectSection
EndProject
Project("{9A19103F-16F7-4668-BE54-9A1E7A4F7556}") = "Retarget", "Retarget\Retarget.csproj", "{F3F0BEE6-6044-47CD-8607-7F2270570DBB}"
EndProject
Project("{9A19103F-16F7-4668-BE54-9A1E7A4F7556}") = "Rebex.Castle", "Rebex.Castle\Rebex.Castle.csproj", "{66FCF1AB-1CDA-4465-A40F-4E404E4CB402}"
EndProject
Project("{9A19103F-16F7-4668-BE54-9A1E7A4F7556}") = "Rebex.Curve25519", "Rebex.Curve25519\Rebex.Curve25519.csproj", "{CFA77D07-1A39-4635-882B-4A45DA7D40BC}"
EndProject
Project("{9A19103F-16F7-4668-BE54-9A1E7A4F7556}") = "Rebex.Ed25519", "Rebex.Ed25519\Rebex.Ed25519.csproj", "{45BD2BF0-7A5F-4081-9A39-255131E23703}"
EndProject
Global
	GlobalSection(SolutionConfigurationPlatforms) = preSolution
		Debug|Any CPU = Debug|Any CPU
		Release|Any CPU = Release|Any CPU
	EndGlobalSection
	GlobalSection(ProjectConfigurationPlatforms) = postSolution
		{F3F0BEE6-6044-47CD-8607-7F2270570DBB}.Debug|Any CPU.ActiveCfg = Debug|Any CPU
		{F3F0BEE6-6044-47CD-8607-7F2270570DBB}.Debug|Any CPU.Build.0 = Debug|Any CPU
		{F3F0BEE6-6044-47CD-8607-7F2270570DBB}.Release|Any CPU.ActiveCfg = Release|Any CPU
		{F3F0BEE6-6044-47CD-8607-7F2270570DBB}.Release|Any CPU.Build.0 = Release|Any CPU
		{66FCF1AB-1CDA-4465-A40F-4E404E4CB402}.Debug|Any CPU.ActiveCfg = Debug|Any CPU
		{66FCF1AB-1CDA-4465-A40F-4E404E4CB402}.Debug|Any CPU.Build.0 = Debug|Any CPU
		{66FCF1AB-1CDA-4465-A40F-4E404E4CB402}.Release|Any CPU.ActiveCfg = Release|Any CPU
		{66FCF1AB-1CDA-4465-A40F-4E404E4CB402}.Release|Any CPU.Build.0 = Release|Any CPU
		{CFA77D07-1A39-4635-882B-4A45DA7D40BC}.Debug|Any CPU.ActiveCfg = Debug|Any CPU
		{CFA77D07-1A39-4635-882B-4A45DA7D40BC}.Debug|Any CPU.Build.0 = Debug|Any CPU
		{CFA77D07-1A39-4635-882B-4A45DA7D40BC}.Release|Any CPU.ActiveCfg = Release|Any CPU
		{CFA77D07-1A39-4635-882B-4A45DA7D40BC}.Release|Any CPU.Build.0 = Release|Any CPU
		{45BD2BF0-7A5F-4081-9A39-255131E23703}.Debug|Any CPU.ActiveCfg = Debug|Any CPU
		{45BD2BF0-7A5F-4081-9A39-255131E23703}.Debug|Any CPU.Build.0 = Debug|Any CPU
		{45BD2BF0-7A5F-4081-9A39-255131E23703}.Release|Any CPU.ActiveCfg = Release|Any CPU
		{45BD2BF0-7A5F-4081-9A39-255131E23703}.Release|Any CPU.Build.0 = Release|Any CPU
	EndGlobalSection
	GlobalSection(SolutionProperties) = preSolution
		HideSolutionNode = FALSE
	EndGlobalSection
	GlobalSection(NestedProjects) = preSolution
		{F3F0BEE6-6044-47CD-8607-7F2270570DBB} = {A6A85FE4-2FCB-4B5A-90E4-B6ED248ACAD7}
	EndGlobalSection
	GlobalSection(ExtensibilityGlobals) = postSolution
		SolutionGuid = {D902508C-65D8-45BE-A6EB-D3FF069EEB51}
	EndGlobalSection
EndGlobal
