
Microsoft Visual Studio Solution File, Format Version 10.00
# Visual Studio 2008
Project("{FAE04EC0-301F-11D3-BF4B-00C04F79EFBC}") = "Rebex.Castle.CF", "Rebex.Castle\Rebex.Castle.CF.csproj", "{758682C8-5EA0-4CBA-AF03-6A70B3266CF0}"
EndProject
Project("{FAE04EC0-301F-11D3-BF4B-00C04F79EFBC}") = "Rebex.Curve25519.CF", "Rebex.Curve25519\Rebex.Curve25519.CF.csproj", "{53073728-A1DB-4A6F-9AEE-47D9246A6102}"
EndProject
Project("{FAE04EC0-301F-11D3-BF4B-00C04F79EFBC}") = "Rebex.Ed25519.CF", "Rebex.Ed25519\Rebex.Ed25519.CF.csproj", "{E9E87336-F755-44FE-BFE7-8B601181FADC}"
EndProject
Global
	GlobalSection(SolutionConfigurationPlatforms) = preSolution
		Debug|Any CPU = Debug|Any CPU
		Release|Any CPU = Release|Any CPU
	EndGlobalSection
	GlobalSection(ProjectConfigurationPlatforms) = postSolution
		{758682C8-5EA0-4CBA-AF03-6A70B3266CF0}.Debug|Any CPU.ActiveCfg = Debug|Any CPU
		{758682C8-5EA0-4CBA-AF03-6A70B3266CF0}.Debug|Any CPU.Build.0 = Debug|Any CPU
		{758682C8-5EA0-4CBA-AF03-6A70B3266CF0}.Release|Any CPU.ActiveCfg = Release|Any CPU
		{758682C8-5EA0-4CBA-AF03-6A70B3266CF0}.Release|Any CPU.Build.0 = Release|Any CPU
		{53073728-A1DB-4A6F-9AEE-47D9246A6102}.Debug|Any CPU.ActiveCfg = Debug|Any CPU
		{53073728-A1DB-4A6F-9AEE-47D9246A6102}.Debug|Any CPU.Build.0 = Debug|Any CPU
		{53073728-A1DB-4A6F-9AEE-47D9246A6102}.Release|Any CPU.ActiveCfg = Release|Any CPU
		{53073728-A1DB-4A6F-9AEE-47D9246A6102}.Release|Any CPU.Build.0 = Release|Any CPU
		{E9E87336-F755-44FE-BFE7-8B601181FADC}.Debug|Any CPU.ActiveCfg = Debug|Any CPU
		{E9E87336-F755-44FE-BFE7-8B601181FADC}.Debug|Any CPU.Build.0 = Debug|Any CPU
		{E9E87336-F755-44FE-BFE7-8B601181FADC}.Release|Any CPU.ActiveCfg = Release|Any CPU
		{E9E87336-F755-44FE-BFE7-8B601181FADC}.Release|Any CPU.Build.0 = Release|Any CPU
	EndGlobalSection
	GlobalSection(SolutionProperties) = preSolution
		HideSolutionNode = FALSE
	EndGlobalSection
EndGlobal
