
Microsoft Visual Studio Solution File, Format Version 12.00
# Visual Studio 15
VisualStudioVersion = 15.0.26228.4
MinimumVisualStudioVersion = 10.0.40219.1
Project("{2150E333-8FDC-42A3-9474-1A3956D46DE8}") = "Rebex.Ed25519", "Rebex.Ed25519", "{E10A9049-B7EB-401B-BD48-D2C43E8B5AED}"
	ProjectSection(SolutionItems) = preProject
		Rebex.Ed25519\Rebex.Elliptic.Ed25519.nuspec = Rebex.Ed25519\Rebex.Elliptic.Ed25519.nuspec
	EndProjectSection
EndProject
Project("{2150E333-8FDC-42A3-9474-1A3956D46DE8}") = "Dependencies", "Dependencies", "{CB5DDD83-A7E8-4D77-BA6F-771B63DBC904}"
EndProject
Project("{2150E333-8FDC-42A3-9474-1A3956D46DE8}") = "Build", "Build", "{A6A85FE4-2FCB-4B5A-90E4-B6ED248ACAD7}"
	ProjectSection(SolutionItems) = preProject
		make.build = make.build
		..\root.build = ..\root.build
	EndProjectSection
EndProject
Project("{2150E333-8FDC-42A3-9474-1A3956D46DE8}") = "nuspec", "nuspec", "{C588C92E-8D1C-4418-9F24-D40BDF709B6B}"
	ProjectSection(SolutionItems) = preProject
		Rebex.Castle\Rebex.Elliptic.Castle.nuspec = Rebex.Castle\Rebex.Elliptic.Castle.nuspec
		Rebex.Curve25519\Rebex.Elliptic.Curve25519.nuspec = Rebex.Curve25519\Rebex.Elliptic.Curve25519.nuspec
		Rebex.Ed25519\Rebex.Elliptic.Ed25519.nuspec = Rebex.Ed25519\Rebex.Elliptic.Ed25519.nuspec
	EndProjectSection
EndProject
Project("{FAE04EC0-301F-11D3-BF4B-00C04F79EFBC}") = "BouncyCastle", "..\external\bouncyeccf\crypto\src\BouncyCastle.csproj", "{FE1417E3-2838-4164-B701-E247282936B9}"
EndProject
Project("{8BC9CEB8-8B4A-11D0-8D11-00A0C91BC942}") = "Rebex.Ed25519", "Rebex.Ed25519\Rebex.Ed25519.vcxproj", "{E9E87336-F755-44FE-BFE7-8B601181FADC}"
EndProject
Project("{8BC9CEB8-8B4A-11D0-8D11-00A0C91BC942}") = "Rebex.Ed25519.Core", "Rebex.Ed25519\Rebex.Ed25519.Core.vcxproj", "{6776DD78-76B6-45AB-A1B4-5E02F690937F}"
EndProject
Project("{FAE04EC0-301F-11D3-BF4B-00C04F79EFBC}") = "CryptoShim", "CryptoShim\CryptoShim.csproj", "{826876FB-4E68-4BCF-96A9-990ACC187E03}"
EndProject
Project("{FAE04EC0-301F-11D3-BF4B-00C04F79EFBC}") = "Retarget", "Retarget\Retarget.csproj", "{F3F0BEE6-6044-47CD-8607-7F2270570DBB}"
EndProject
Project("{9A19103F-16F7-4668-BE54-9A1E7A4F7556}") = "Rebex.Castle", "Rebex.Castle\Rebex.Castle.csproj", "{66FCF1AB-1CDA-4465-A40F-4E404E4CB402}"
EndProject
Project("{9A19103F-16F7-4668-BE54-9A1E7A4F7556}") = "Rebex.Curve25519", "Rebex.Curve25519\Rebex.Curve25519.csproj", "{CFA77D07-1A39-4635-882B-4A45DA7D40BC}"
EndProject
Project("{FAE04EC0-301F-11D3-BF4B-00C04F79EFBC}") = "Rebex.Castle.Android", "Rebex.Castle.Android\Rebex.Castle.Android.csproj", "{0E338ADB-7089-4E1B-AC20-A84DB828D79D}"
EndProject
Project("{FAE04EC0-301F-11D3-BF4B-00C04F79EFBC}") = "Rebex.Castle.iOS", "Rebex.Castle.iOS\Rebex.Castle.iOS.csproj", "{3FFD0CF2-A4B5-45EA-B381-46FA5B09A77B}"
EndProject
Project("{FAE04EC0-301F-11D3-BF4B-00C04F79EFBC}") = "Rebex.Curve25519.iOS", "Rebex.Curve25519.iOS\Rebex.Curve25519.iOS.csproj", "{319B596F-86FD-4EE7-9852-F52BC228C1C0}"
EndProject
Project("{FAE04EC0-301F-11D3-BF4B-00C04F79EFBC}") = "Rebex.Curve25519.Android", "Rebex.Curve25519.Android\Rebex.Curve25519.Android.csproj", "{99CC4582-2319-43AD-B339-2433B17945E7}"
EndProject
Global
	GlobalSection(SolutionConfigurationPlatforms) = preSolution
		Debug|Any CPU = Debug|Any CPU
		Release|Any CPU = Release|Any CPU
	EndGlobalSection
	GlobalSection(ProjectConfigurationPlatforms) = postSolution
		{FE1417E3-2838-4164-B701-E247282936B9}.Debug|Any CPU.ActiveCfg = Debug|Any CPU
		{FE1417E3-2838-4164-B701-E247282936B9}.Debug|Any CPU.Build.0 = Debug|Any CPU
		{FE1417E3-2838-4164-B701-E247282936B9}.Release|Any CPU.ActiveCfg = Release|Any CPU
		{FE1417E3-2838-4164-B701-E247282936B9}.Release|Any CPU.Build.0 = Release|Any CPU
		{E9E87336-F755-44FE-BFE7-8B601181FADC}.Debug|Any CPU.ActiveCfg = Debug|Win32
		{E9E87336-F755-44FE-BFE7-8B601181FADC}.Debug|Any CPU.Build.0 = Debug|Win32
		{E9E87336-F755-44FE-BFE7-8B601181FADC}.Release|Any CPU.ActiveCfg = Release|Win32
		{E9E87336-F755-44FE-BFE7-8B601181FADC}.Release|Any CPU.Build.0 = Release|Win32
		{6776DD78-76B6-45AB-A1B4-5E02F690937F}.Debug|Any CPU.ActiveCfg = Debug|Win32
		{6776DD78-76B6-45AB-A1B4-5E02F690937F}.Debug|Any CPU.Build.0 = Debug|Win32
		{6776DD78-76B6-45AB-A1B4-5E02F690937F}.Release|Any CPU.ActiveCfg = Release|Win32
		{6776DD78-76B6-45AB-A1B4-5E02F690937F}.Release|Any CPU.Build.0 = Release|Win32
		{826876FB-4E68-4BCF-96A9-990ACC187E03}.Debug|Any CPU.ActiveCfg = Debug|Any CPU
		{826876FB-4E68-4BCF-96A9-990ACC187E03}.Debug|Any CPU.Build.0 = Debug|Any CPU
		{826876FB-4E68-4BCF-96A9-990ACC187E03}.Release|Any CPU.ActiveCfg = Release|Any CPU
		{826876FB-4E68-4BCF-96A9-990ACC187E03}.Release|Any CPU.Build.0 = Release|Any CPU
		{F3F0BEE6-6044-47CD-8607-7F2270570DBB}.Debug|Any CPU.ActiveCfg = Debug|Any CPU
		{F3F0BEE6-6044-47CD-8607-7F2270570DBB}.Debug|Any CPU.Build.0 = Debug|Any CPU
		{F3F0BEE6-6044-47CD-8607-7F2270570DBB}.Release|Any CPU.ActiveCfg = Release|Any CPU
		{F3F0BEE6-6044-47CD-8607-7F2270570DBB}.Release|Any CPU.Build.0 = Release|Any CPU
		{66FCF1AB-1CDA-4465-A40F-4E404E4CB402}.Debug|Any CPU.ActiveCfg = Debug|Any CPU
		{66FCF1AB-1CDA-4465-A40F-4E404E4CB402}.Debug|Any CPU.Build.0 = Debug|Any CPU
		{66FCF1AB-1CDA-4465-A40F-4E404E4CB402}.Release|Any CPU.ActiveCfg = Release|Any CPU
		{66FCF1AB-1CDA-4465-A40F-4E404E4CB402}.Release|Any CPU.Build.0 = Release|Any CPU
		{CFA77D07-1A39-4635-882B-4A45DA7D40BC}.Debug|Any CPU.ActiveCfg = Debug|Any CPU
		{CFA77D07-1A39-4635-882B-4A45DA7D40BC}.Debug|Any CPU.Build.0 = Debug|Any CPU
		{CFA77D07-1A39-4635-882B-4A45DA7D40BC}.Release|Any CPU.ActiveCfg = Release|Any CPU
		{CFA77D07-1A39-4635-882B-4A45DA7D40BC}.Release|Any CPU.Build.0 = Release|Any CPU
		{0E338ADB-7089-4E1B-AC20-A84DB828D79D}.Debug|Any CPU.ActiveCfg = Debug|Any CPU
		{0E338ADB-7089-4E1B-AC20-A84DB828D79D}.Debug|Any CPU.Build.0 = Debug|Any CPU
		{0E338ADB-7089-4E1B-AC20-A84DB828D79D}.Release|Any CPU.ActiveCfg = Release|Any CPU
		{0E338ADB-7089-4E1B-AC20-A84DB828D79D}.Release|Any CPU.Build.0 = Release|Any CPU
		{3FFD0CF2-A4B5-45EA-B381-46FA5B09A77B}.Debug|Any CPU.ActiveCfg = Debug|Any CPU
		{3FFD0CF2-A4B5-45EA-B381-46FA5B09A77B}.Debug|Any CPU.Build.0 = Debug|Any CPU
		{3FFD0CF2-A4B5-45EA-B381-46FA5B09A77B}.Release|Any CPU.ActiveCfg = Release|Any CPU
		{3FFD0CF2-A4B5-45EA-B381-46FA5B09A77B}.Release|Any CPU.Build.0 = Release|Any CPU
		{319B596F-86FD-4EE7-9852-F52BC228C1C0}.Debug|Any CPU.ActiveCfg = Debug|Any CPU
		{319B596F-86FD-4EE7-9852-F52BC228C1C0}.Debug|Any CPU.Build.0 = Debug|Any CPU
		{319B596F-86FD-4EE7-9852-F52BC228C1C0}.Release|Any CPU.ActiveCfg = Release|Any CPU
		{319B596F-86FD-4EE7-9852-F52BC228C1C0}.Release|Any CPU.Build.0 = Release|Any CPU
		{99CC4582-2319-43AD-B339-2433B17945E7}.Debug|Any CPU.ActiveCfg = Debug|Any CPU
		{99CC4582-2319-43AD-B339-2433B17945E7}.Debug|Any CPU.Build.0 = Debug|Any CPU
		{99CC4582-2319-43AD-B339-2433B17945E7}.Release|Any CPU.ActiveCfg = Release|Any CPU
		{99CC4582-2319-43AD-B339-2433B17945E7}.Release|Any CPU.Build.0 = Release|Any CPU
	EndGlobalSection
	GlobalSection(SolutionProperties) = preSolution
		HideSolutionNode = FALSE
	EndGlobalSection
	GlobalSection(NestedProjects) = preSolution
		{FE1417E3-2838-4164-B701-E247282936B9} = {CB5DDD83-A7E8-4D77-BA6F-771B63DBC904}
		{E9E87336-F755-44FE-BFE7-8B601181FADC} = {E10A9049-B7EB-401B-BD48-D2C43E8B5AED}
		{6776DD78-76B6-45AB-A1B4-5E02F690937F} = {E10A9049-B7EB-401B-BD48-D2C43E8B5AED}
		{826876FB-4E68-4BCF-96A9-990ACC187E03} = {CB5DDD83-A7E8-4D77-BA6F-771B63DBC904}
		{F3F0BEE6-6044-47CD-8607-7F2270570DBB} = {A6A85FE4-2FCB-4B5A-90E4-B6ED248ACAD7}
	EndGlobalSection
EndGlobal
