
Microsoft Visual Studio Solution File, Format Version 12.00
# Visual Studio 14
VisualStudioVersion = 14.0.25420.1
MinimumVisualStudioVersion = 10.0.40219.1
Project("{FAE04EC0-301F-11D3-BF4B-00C04F79EFBC}") = "BouncyCastle", "..\external\bouncyeccf\crypto\src\BouncyCastle.csproj", "{FE1417E3-2838-4164-B701-E247282936B9}"
EndProject
Project("{8BC9CEB8-8B4A-11D0-8D11-00A0C91BC942}") = "Rebex.Ed25519", "Rebex.Ed25519\Rebex.Ed25519.vcxproj", "{E9E87336-F755-44FE-BFE7-8B601181FADC}"
EndProject
Project("{8BC9CEB8-8B4A-11D0-8D11-00A0C91BC942}") = "Rebex.Ed25519.Core", "Rebex.Ed25519\Rebex.Ed25519.Core.vcxproj", "{6776DD78-76B6-45AB-A1B4-5E02F690937F}"
EndProject
Project("{FAE04EC0-301F-11D3-BF4B-00C04F79EFBC}") = "CryptoShim", "CryptoShim\CryptoShim.csproj", "{826876FB-4E68-4BCF-96A9-990ACC187E03}"
EndProject
Project("{8BB2217D-0F2D-49D1-97BC-3654ED321F3B}") = "Rebex.Curve25519", "Rebex.Curve25519\Rebex.Curve25519.xproj", "{AA5DAFB2-4AA8-495C-878D-CFEA8604643B}"
EndProject
Project("{8BB2217D-0F2D-49D1-97BC-3654ED321F3B}") = "Rebex.Castle", "Rebex.Castle\Rebex.Castle.xproj", "{C528872C-F1D7-4A93-9A62-834789634CC4}"
EndProject
Project("{2150E333-8FDC-42A3-9474-1A3956D46DE8}") = "Rebex.Ed25519", "Rebex.Ed25519", "{E10A9049-B7EB-401B-BD48-D2C43E8B5AED}"
	ProjectSection(SolutionItems) = preProject
		Rebex.Ed25519\Rebex.Ed25519.nuspec = Rebex.Ed25519\Rebex.Ed25519.nuspec
	EndProjectSection
EndProject
Project("{2150E333-8FDC-42A3-9474-1A3956D46DE8}") = "Dependencies", "Dependencies", "{CB5DDD83-A7E8-4D77-BA6F-771B63DBC904}"
EndProject
Project("{2150E333-8FDC-42A3-9474-1A3956D46DE8}") = "Build", "Build", "{A6A85FE4-2FCB-4B5A-90E4-B6ED248ACAD7}"
	ProjectSection(SolutionItems) = preProject
		make.build = make.build
		..\root.build = ..\root.build
	EndProjectSection
EndProject
Project("{FAE04EC0-301F-11D3-BF4B-00C04F79EFBC}") = "Retarget", "Retarget\Retarget.csproj", "{F3F0BEE6-6044-47CD-8607-7F2270570DBB}"
EndProject
Global
	GlobalSection(SolutionConfigurationPlatforms) = preSolution
		Debug|Any CPU = Debug|Any CPU
		Debug|x64 = Debug|x64
		Debug|x86 = Debug|x86
		Release|Any CPU = Release|Any CPU
		Release|x64 = Release|x64
		Release|x86 = Release|x86
	EndGlobalSection
	GlobalSection(ProjectConfigurationPlatforms) = postSolution
		{FE1417E3-2838-4164-B701-E247282936B9}.Debug|Any CPU.ActiveCfg = Debug|Any CPU
		{FE1417E3-2838-4164-B701-E247282936B9}.Debug|Any CPU.Build.0 = Debug|Any CPU
		{FE1417E3-2838-4164-B701-E247282936B9}.Debug|x64.ActiveCfg = Debug|Any CPU
		{FE1417E3-2838-4164-B701-E247282936B9}.Debug|x64.Build.0 = Debug|Any CPU
		{FE1417E3-2838-4164-B701-E247282936B9}.Debug|x86.ActiveCfg = Debug|Any CPU
		{FE1417E3-2838-4164-B701-E247282936B9}.Debug|x86.Build.0 = Debug|Any CPU
		{FE1417E3-2838-4164-B701-E247282936B9}.Release|Any CPU.ActiveCfg = Release|Any CPU
		{FE1417E3-2838-4164-B701-E247282936B9}.Release|Any CPU.Build.0 = Release|Any CPU
		{FE1417E3-2838-4164-B701-E247282936B9}.Release|x64.ActiveCfg = Release|Any CPU
		{FE1417E3-2838-4164-B701-E247282936B9}.Release|x64.Build.0 = Release|Any CPU
		{FE1417E3-2838-4164-B701-E247282936B9}.Release|x86.ActiveCfg = Release|Any CPU
		{FE1417E3-2838-4164-B701-E247282936B9}.Release|x86.Build.0 = Release|Any CPU
		{E9E87336-F755-44FE-BFE7-8B601181FADC}.Debug|Any CPU.ActiveCfg = Debug|Win32
		{E9E87336-F755-44FE-BFE7-8B601181FADC}.Debug|x64.ActiveCfg = Debug|x64
		{E9E87336-F755-44FE-BFE7-8B601181FADC}.Debug|x64.Build.0 = Debug|x64
		{E9E87336-F755-44FE-BFE7-8B601181FADC}.Debug|x86.ActiveCfg = Debug|Win32
		{E9E87336-F755-44FE-BFE7-8B601181FADC}.Debug|x86.Build.0 = Debug|Win32
		{E9E87336-F755-44FE-BFE7-8B601181FADC}.Release|Any CPU.ActiveCfg = Release|Win32
		{E9E87336-F755-44FE-BFE7-8B601181FADC}.Release|x64.ActiveCfg = Release|x64
		{E9E87336-F755-44FE-BFE7-8B601181FADC}.Release|x64.Build.0 = Release|x64
		{E9E87336-F755-44FE-BFE7-8B601181FADC}.Release|x86.ActiveCfg = Release|Win32
		{E9E87336-F755-44FE-BFE7-8B601181FADC}.Release|x86.Build.0 = Release|Win32
		{6776DD78-76B6-45AB-A1B4-5E02F690937F}.Debug|Any CPU.ActiveCfg = Debug|Win32
		{6776DD78-76B6-45AB-A1B4-5E02F690937F}.Debug|x64.ActiveCfg = Debug|x64
		{6776DD78-76B6-45AB-A1B4-5E02F690937F}.Debug|x64.Build.0 = Debug|x64
		{6776DD78-76B6-45AB-A1B4-5E02F690937F}.Debug|x86.ActiveCfg = Debug|Win32
		{6776DD78-76B6-45AB-A1B4-5E02F690937F}.Debug|x86.Build.0 = Debug|Win32
		{6776DD78-76B6-45AB-A1B4-5E02F690937F}.Release|Any CPU.ActiveCfg = Release|Win32
		{6776DD78-76B6-45AB-A1B4-5E02F690937F}.Release|x64.ActiveCfg = Release|x64
		{6776DD78-76B6-45AB-A1B4-5E02F690937F}.Release|x64.Build.0 = Release|x64
		{6776DD78-76B6-45AB-A1B4-5E02F690937F}.Release|x86.ActiveCfg = Release|Win32
		{6776DD78-76B6-45AB-A1B4-5E02F690937F}.Release|x86.Build.0 = Release|Win32
		{826876FB-4E68-4BCF-96A9-990ACC187E03}.Debug|Any CPU.ActiveCfg = Debug|Any CPU
		{826876FB-4E68-4BCF-96A9-990ACC187E03}.Debug|Any CPU.Build.0 = Debug|Any CPU
		{826876FB-4E68-4BCF-96A9-990ACC187E03}.Debug|x64.ActiveCfg = Debug|Any CPU
		{826876FB-4E68-4BCF-96A9-990ACC187E03}.Debug|x64.Build.0 = Debug|Any CPU
		{826876FB-4E68-4BCF-96A9-990ACC187E03}.Debug|x86.ActiveCfg = Debug|Any CPU
		{826876FB-4E68-4BCF-96A9-990ACC187E03}.Debug|x86.Build.0 = Debug|Any CPU
		{826876FB-4E68-4BCF-96A9-990ACC187E03}.Release|Any CPU.ActiveCfg = Release|Any CPU
		{826876FB-4E68-4BCF-96A9-990ACC187E03}.Release|Any CPU.Build.0 = Release|Any CPU
		{826876FB-4E68-4BCF-96A9-990ACC187E03}.Release|x64.ActiveCfg = Release|Any CPU
		{826876FB-4E68-4BCF-96A9-990ACC187E03}.Release|x64.Build.0 = Release|Any CPU
		{826876FB-4E68-4BCF-96A9-990ACC187E03}.Release|x86.ActiveCfg = Release|Any CPU
		{826876FB-4E68-4BCF-96A9-990ACC187E03}.Release|x86.Build.0 = Release|Any CPU
		{AA5DAFB2-4AA8-495C-878D-CFEA8604643B}.Debug|Any CPU.ActiveCfg = Debug|Any CPU
		{AA5DAFB2-4AA8-495C-878D-CFEA8604643B}.Debug|Any CPU.Build.0 = Debug|Any CPU
		{AA5DAFB2-4AA8-495C-878D-CFEA8604643B}.Debug|x64.ActiveCfg = Debug|Any CPU
		{AA5DAFB2-4AA8-495C-878D-CFEA8604643B}.Debug|x64.Build.0 = Debug|Any CPU
		{AA5DAFB2-4AA8-495C-878D-CFEA8604643B}.Debug|x86.ActiveCfg = Debug|Any CPU
		{AA5DAFB2-4AA8-495C-878D-CFEA8604643B}.Debug|x86.Build.0 = Debug|Any CPU
		{AA5DAFB2-4AA8-495C-878D-CFEA8604643B}.Release|Any CPU.ActiveCfg = Release|Any CPU
		{AA5DAFB2-4AA8-495C-878D-CFEA8604643B}.Release|Any CPU.Build.0 = Release|Any CPU
		{AA5DAFB2-4AA8-495C-878D-CFEA8604643B}.Release|x64.ActiveCfg = Release|Any CPU
		{AA5DAFB2-4AA8-495C-878D-CFEA8604643B}.Release|x64.Build.0 = Release|Any CPU
		{AA5DAFB2-4AA8-495C-878D-CFEA8604643B}.Release|x86.ActiveCfg = Release|Any CPU
		{AA5DAFB2-4AA8-495C-878D-CFEA8604643B}.Release|x86.Build.0 = Release|Any CPU
		{C528872C-F1D7-4A93-9A62-834789634CC4}.Debug|Any CPU.ActiveCfg = Debug|Any CPU
		{C528872C-F1D7-4A93-9A62-834789634CC4}.Debug|Any CPU.Build.0 = Debug|Any CPU
		{C528872C-F1D7-4A93-9A62-834789634CC4}.Debug|x64.ActiveCfg = Debug|Any CPU
		{C528872C-F1D7-4A93-9A62-834789634CC4}.Debug|x64.Build.0 = Debug|Any CPU
		{C528872C-F1D7-4A93-9A62-834789634CC4}.Debug|x86.ActiveCfg = Debug|Any CPU
		{C528872C-F1D7-4A93-9A62-834789634CC4}.Debug|x86.Build.0 = Debug|Any CPU
		{C528872C-F1D7-4A93-9A62-834789634CC4}.Release|Any CPU.ActiveCfg = Release|Any CPU
		{C528872C-F1D7-4A93-9A62-834789634CC4}.Release|Any CPU.Build.0 = Release|Any CPU
		{C528872C-F1D7-4A93-9A62-834789634CC4}.Release|x64.ActiveCfg = Release|Any CPU
		{C528872C-F1D7-4A93-9A62-834789634CC4}.Release|x64.Build.0 = Release|Any CPU
		{C528872C-F1D7-4A93-9A62-834789634CC4}.Release|x86.ActiveCfg = Release|Any CPU
		{C528872C-F1D7-4A93-9A62-834789634CC4}.Release|x86.Build.0 = Release|Any CPU
		{F3F0BEE6-6044-47CD-8607-7F2270570DBB}.Debug|Any CPU.ActiveCfg = Debug|Any CPU
		{F3F0BEE6-6044-47CD-8607-7F2270570DBB}.Debug|Any CPU.Build.0 = Debug|Any CPU
		{F3F0BEE6-6044-47CD-8607-7F2270570DBB}.Debug|x64.ActiveCfg = Debug|Any CPU
		{F3F0BEE6-6044-47CD-8607-7F2270570DBB}.Debug|x64.Build.0 = Debug|Any CPU
		{F3F0BEE6-6044-47CD-8607-7F2270570DBB}.Debug|x86.ActiveCfg = Debug|Any CPU
		{F3F0BEE6-6044-47CD-8607-7F2270570DBB}.Debug|x86.Build.0 = Debug|Any CPU
		{F3F0BEE6-6044-47CD-8607-7F2270570DBB}.Release|Any CPU.ActiveCfg = Release|Any CPU
		{F3F0BEE6-6044-47CD-8607-7F2270570DBB}.Release|Any CPU.Build.0 = Release|Any CPU
		{F3F0BEE6-6044-47CD-8607-7F2270570DBB}.Release|x64.ActiveCfg = Release|Any CPU
		{F3F0BEE6-6044-47CD-8607-7F2270570DBB}.Release|x64.Build.0 = Release|Any CPU
		{F3F0BEE6-6044-47CD-8607-7F2270570DBB}.Release|x86.ActiveCfg = Release|Any CPU
		{F3F0BEE6-6044-47CD-8607-7F2270570DBB}.Release|x86.Build.0 = Release|Any CPU
	EndGlobalSection
	GlobalSection(SolutionProperties) = preSolution
		HideSolutionNode = FALSE
	EndGlobalSection
	GlobalSection(NestedProjects) = preSolution
		{FE1417E3-2838-4164-B701-E247282936B9} = {CB5DDD83-A7E8-4D77-BA6F-771B63DBC904}
		{E9E87336-F755-44FE-BFE7-8B601181FADC} = {E10A9049-B7EB-401B-BD48-D2C43E8B5AED}
		{6776DD78-76B6-45AB-A1B4-5E02F690937F} = {E10A9049-B7EB-401B-BD48-D2C43E8B5AED}
		{826876FB-4E68-4BCF-96A9-990ACC187E03} = {CB5DDD83-A7E8-4D77-BA6F-771B63DBC904}
		{F3F0BEE6-6044-47CD-8607-7F2270570DBB} = {A6A85FE4-2FCB-4B5A-90E4-B6ED248ACAD7}
	EndGlobalSection
EndGlobal
